{
  "version": 4,
  "terraform_version": "0.12.28",
  "serial": 91,
  "lineage": "537a2b6d-eb18-a261-bdae-e3a37cbe2bac",
  "outputs": {},
  "resources": [
    {
      "mode": "managed",
      "type": "aws_cloudwatch_log_group",
      "name": "dev_cloudwatch",
      "provider": "provider.aws",
      "instances": [
        {
          "schema_version": 0,
          "attributes": {
            "arn": "arn:aws:logs:eu-west-1:861350724356:log-group:/aws/lambda/savifontis_cobweb_lambda:*",
            "id": "/aws/lambda/savifontis_cobweb_lambda",
            "kms_key_id": "",
            "name": "/aws/lambda/savifontis_cobweb_lambda",
            "name_prefix": null,
            "retention_in_days": 14,
            "tags": {}
          },
          "private": "bnVsbA==",
          "dependencies": [
            "aws_iam_role.iam_for_lambda",
            "aws_lambda_function.cobweb_lambda"
          ]
        }
      ]
    },
    {
      "mode": "managed",
      "type": "aws_iam_policy",
      "name": "lambda_logging",
      "provider": "provider.aws",
      "instances": [
        {
          "schema_version": 0,
          "attributes": {
            "arn": "arn:aws:iam::861350724356:policy/lambda_logging",
            "description": "IAM policy for logging from a lambda",
            "id": "arn:aws:iam::861350724356:policy/lambda_logging",
            "name": "lambda_logging",
            "name_prefix": null,
            "path": "/",
            "policy": "{\r\n  \"Version\": \"2012-10-17\",\r\n  \"Statement\": [\r\n    {\r\n      \"Action\": [\r\n        \"logs:CreateLogGroup\",\r\n        \"logs:CreateLogStream\",\r\n        \"logs:PutLogEvents\"\r\n      ],\r\n      \"Resource\": \"arn:aws:logs:*:*:*\",\r\n      \"Effect\": \"Allow\"\r\n    }\r\n  ]\r\n}\r\n"
          },
          "private": "bnVsbA=="
        }
      ]
    },
    {
      "mode": "managed",
      "type": "aws_iam_role",
      "name": "iam_for_lambda",
      "provider": "provider.aws",
      "instances": [
        {
          "schema_version": 0,
          "attributes": {
            "arn": "arn:aws:iam::861350724356:role/iam_for_lambda",
            "assume_role_policy": "{\"Version\":\"2012-10-17\",\"Statement\":[{\"Sid\":\"\",\"Effect\":\"Allow\",\"Principal\":{\"Service\":\"lambda.amazonaws.com\"},\"Action\":\"sts:AssumeRole\"}]}",
            "create_date": "2020-10-01T11:05:40Z",
            "description": "",
            "force_detach_policies": false,
            "id": "iam_for_lambda",
            "max_session_duration": 3600,
            "name": "iam_for_lambda",
            "name_prefix": null,
            "path": "/",
            "permissions_boundary": null,
            "tags": {},
            "unique_id": "AROA4RDEBAMCPZJ7QYN32"
          },
          "private": "bnVsbA=="
        }
      ]
    },
    {
      "mode": "managed",
      "type": "aws_iam_role_policy_attachment",
      "name": "lambda_logs",
      "provider": "provider.aws",
      "instances": [
        {
          "schema_version": 0,
          "attributes": {
            "id": "iam_for_lambda-20201001110545916600000001",
            "policy_arn": "arn:aws:iam::861350724356:policy/lambda_logging",
            "role": "iam_for_lambda"
          },
          "private": "bnVsbA==",
          "dependencies": [
            "aws_iam_policy.lambda_logging",
            "aws_iam_role.iam_for_lambda"
          ]
        }
      ]
    },
    {
      "mode": "managed",
      "type": "aws_lambda_function",
      "name": "cobweb_lambda",
      "provider": "provider.aws",
      "instances": [
        {
          "schema_version": 0,
          "attributes": {
            "arn": "arn:aws:lambda:eu-west-1:861350724356:function:savifontis_cobweb_lambda",
            "dead_letter_config": [],
            "description": "",
            "environment": [],
            "file_system_config": [],
            "filename": "../target/Cobweb-1.0.jar",
            "function_name": "savifontis_cobweb_lambda",
            "handler": "uk.co.savifontis.cobweb.CobwebGatewayHandler",
            "id": "savifontis_cobweb_lambda",
            "invoke_arn": "arn:aws:apigateway:eu-west-1:lambda:path/2015-03-31/functions/arn:aws:lambda:eu-west-1:861350724356:function:savifontis_cobweb_lambda/invocations",
            "kms_key_arn": "",
            "last_modified": "2020-10-01T12:37:30.310+0000",
            "layers": [],
            "memory_size": 256,
            "publish": false,
            "qualified_arn": "arn:aws:lambda:eu-west-1:861350724356:function:savifontis_cobweb_lambda:$LATEST",
            "reserved_concurrent_executions": -1,
            "role": "arn:aws:iam::861350724356:role/iam_for_lambda",
            "runtime": "java8",
            "s3_bucket": null,
            "s3_key": null,
            "s3_object_version": null,
            "source_code_hash": "2Lodl/Ghwdo22WF3175jLgHMQ/cui1GK7UFVmOsjtt0=",
            "source_code_size": 1015018,
            "tags": {},
            "timeout": 60,
            "timeouts": null,
            "tracing_config": [
              {
                "mode": "PassThrough"
              }
            ],
            "version": "$LATEST",
            "vpc_config": []
          },
          "private": "eyJlMmJmYjczMC1lY2FhLTExZTYtOGY4OC0zNDM2M2JjN2M0YzAiOnsiY3JlYXRlIjo2MDAwMDAwMDAwMDB9fQ==",
          "dependencies": [
            "aws_iam_role.iam_for_lambda"
          ]
        }
      ]
    }
  ]
}
